
Microsoft Visual Studio Solution File, Format Version 12.00
# Visual Studio Version 16
VisualStudioVersion = 16.0.30711.63
MinimumVisualStudioVersion = 10.0.40219.1
Project("{9A19103F-16F7-4668-BE54-9A1E7A4F7556}") = "ApplicationInsightLogging", "src\ApplicationInsightLogging\ApplicationInsightLogging.csproj", "{BEB2D3C3-B9CF-4860-8644-7B249AD4D102}"
EndProject
Project("{9A19103F-16F7-4668-BE54-9A1E7A4F7556}") = "ApplicationInsightLogging.UnitTests", "test\ApplicationInsightLogging.UnitTests\ApplicationInsightLogging.UnitTests.csproj", "{2E8F2F6C-4DC8-484A-822B-F358C9F2A339}"
EndProject
Global
	GlobalSection(SolutionConfigurationPlatforms) = preSolution
		Debug|Any CPU = Debug|Any CPU
		Release|Any CPU = Release|Any CPU
	EndGlobalSection
	GlobalSection(ProjectConfigurationPlatforms) = postSolution
		{BEB2D3C3-B9CF-4860-8644-7B249AD4D102}.Debug|Any CPU.ActiveCfg = Debug|Any CPU
		{BEB2D3C3-B9CF-4860-8644-7B249AD4D102}.Debug|Any CPU.Build.0 = Debug|Any CPU
		{BEB2D3C3-B9CF-4860-8644-7B249AD4D102}.Release|Any CPU.ActiveCfg = Release|Any CPU
		{BEB2D3C3-B9CF-4860-8644-7B249AD4D102}.Release|Any CPU.Build.0 = Release|Any CPU
		{2E8F2F6C-4DC8-484A-822B-F358C9F2A339}.Debug|Any CPU.ActiveCfg = Debug|Any CPU
		{2E8F2F6C-4DC8-484A-822B-F358C9F2A339}.Debug|Any CPU.Build.0 = Debug|Any CPU
		{2E8F2F6C-4DC8-484A-822B-F358C9F2A339}.Release|Any CPU.ActiveCfg = Release|Any CPU
		{2E8F2F6C-4DC8-484A-822B-F358C9F2A339}.Release|Any CPU.Build.0 = Release|Any CPU
	EndGlobalSection
	GlobalSection(SolutionProperties) = preSolution
		HideSolutionNode = FALSE
	EndGlobalSection
	GlobalSection(ExtensibilityGlobals) = postSolution
		SolutionGuid = {77D40FA6-978E-4DE7-9CF6-2B12CD56D87E}
	EndGlobalSection
EndGlobal
